
Microsoft Visual Studio Solution File, Format Version 12.00
# Visual Studio 2012
Project("{FAE04EC0-301F-11D3-BF4B-00C04F79EFBC}") = "LispCore", "LispCore\LispCore.csproj", "{01C33B43-FADD-43B9-AD9A-C331482ABF0D}"
EndProject
Global
	GlobalSection(SolutionConfigurationPlatforms) = preSolution
		Debug|Any CPU = Debug|Any CPU
		Release|Any CPU = Release|Any CPU
	EndGlobalSection
	GlobalSection(ProjectConfigurationPlatforms) = postSolution
		{01C33B43-FADD-43B9-AD9A-C331482ABF0D}.Debug|Any CPU.ActiveCfg = Debug|Any CPU
		{01C33B43-FADD-43B9-AD9A-C331482ABF0D}.Debug|Any CPU.Build.0 = Debug|Any CPU
		{01C33B43-FADD-43B9-AD9A-C331482ABF0D}.Release|Any CPU.ActiveCfg = Release|Any CPU
		{01C33B43-FADD-43B9-AD9A-C331482ABF0D}.Release|Any CPU.Build.0 = Release|Any CPU
	EndGlobalSection
	GlobalSection(SolutionProperties) = preSolution
		HideSolutionNode = FALSE
	EndGlobalSection
EndGlobal
